{
  "name": "nevermore",
  "version": "1.0.0",
  "lockfileVersion": 3,
  "requires": true,
  "packages": {
    "": {
      "name": "nevermore",
      "version": "1.0.0",
      "license": "ISC",
      "dependencies": {
        "@quenty/binder": "^14.47.1",
        "@quenty/loader": "^10.11.2",
        "@quenty/maid": "^3.12.1",
        "@quenty/servicebag": "^11.21.1",
        "@quenty/signal": "^7.13.3"
      }
    },
    "node_modules/@quenty/baseobject": {
      "version": "10.16.1",
      "resolved": "https://registry.npmjs.org/@quenty/baseobject/-/baseobject-10.16.1.tgz",
      "integrity": "sha512-08gTO+Qe1A61RwCJL4iMshCh8BsipWi3vkOlS+MjFL+jf22S1C/5+NDi+fHm2d3yhO45d+ioh77qjTzc0BGRYA==",
      "hasInstallScript": true,
      "license": "MIT",
      "dependencies": {
        "@quenty/loader": "10.11.2",
        "@quenty/maid": "3.12.1"
      },
      "funding": {
        "type": "patreon",
        "url": "https://www.patreon.com/quenty"
      }
    },
    "node_modules/@quenty/binder": {
      "version": "14.47.1",
      "resolved": "https://registry.npmjs.org/@quenty/binder/-/binder-14.47.1.tgz",
      "integrity": "sha512-T5KdXtbnXAsC2ofMqtsFuGGZqOUC/2Cqq6TgQCPMm1MK2AWIr0eBTv1F+AwMuvCp7YYmUbLeiQUPqykBtqF2wA==",
      "hasInstallScript": true,
      "license": "MIT",
      "dependencies": {
        "@quenty/baseobject": "10.16.1",
        "@quenty/brio": "14.37.1",
        "@quenty/canceltoken": "11.25.1",
        "@quenty/instanceutils": "13.37.1",
        "@quenty/jestutils": "1.1.1",
        "@quenty/linkutils": "13.38.1",
        "@quenty/loader": "10.11.2",
        "@quenty/maid": "3.12.1",
        "@quenty/nevermore-test-runner": "1.6.1",
        "@quenty/promise": "10.24.1",
        "@quenty/rx": "13.34.1",
        "@quenty/servicebag": "11.21.1",
        "@quenty/signal": "7.13.3",
        "@quenty/table": "3.9.2",
        "@quentystudios/jest-lua": "3.10.0-quenty.2"
      },
      "funding": {
        "type": "patreon",
        "url": "https://www.patreon.com/quenty"
      }
    },
    "node_modules/@quenty/brio": {
      "version": "14.37.1",
      "resolved": "https://registry.npmjs.org/@quenty/brio/-/brio-14.37.1.tgz",
      "integrity": "sha512-it7NN5igWtfVFDVSU8HUs5gObKrs4irRpBvmnPPILLVH9QI/4L/q/2xFuD3z9PmEo8D7teAg3jUCz8nVvx9B+Q==",
      "hasInstallScript": true,
      "license": "MIT",
      "dependencies": {
        "@quenty/loader": "10.11.2",
        "@quenty/maid": "3.12.1",
        "@quenty/nevermore-test-runner": "1.6.1",
        "@quenty/rx": "13.34.1",
        "@quenty/signal": "7.13.3",
        "@quenty/steputils": "3.9.1",
        "@quenty/table": "3.9.2",
        "@quentystudios/jest-lua": "3.10.0-quenty.2"
      },
      "funding": {
        "type": "patreon",
        "url": "https://www.patreon.com/quenty"
      }
    },
    "node_modules/@quenty/cancellabledelay": {
      "version": "3.6.2",
      "resolved": "https://registry.npmjs.org/@quenty/cancellabledelay/-/cancellabledelay-3.6.2.tgz",
      "integrity": "sha512-rBPP8nghqqBsq3g4z5APz9IaEU3OoB6AnqIuKc8oUK27YFlMW+WGE1BG8cAhE8rAD55a36007SLhPfJUiO8v4w==",
      "hasInstallScript": true,
      "license": "MIT",
      "funding": {
        "type": "patreon",
        "url": "https://www.patreon.com/quenty"
      }
    },
    "node_modules/@quenty/canceltoken": {
      "version": "11.25.1",
      "resolved": "https://registry.npmjs.org/@quenty/canceltoken/-/canceltoken-11.25.1.tgz",
      "integrity": "sha512-6IIGjuXzHl/9VgSivF/F+izp0sMUvGhs8LU28mo6q35jIYd02pdz9W4DajU40F9V0DgFHTqA52yTQg9RoHea2Q==",
      "hasInstallScript": true,
      "license": "MIT",
      "dependencies": {
        "@quenty/ducktype": "5.11.2",
        "@quenty/loader": "10.11.2",
        "@quenty/maid": "3.12.1",
        "@quenty/promise": "10.24.1",
        "@quenty/signal": "7.13.3"
      },
      "funding": {
        "type": "patreon",
        "url": "https://www.patreon.com/quenty"
      }
    },
    "node_modules/@quenty/deferred": {
      "version": "2.3.2",
      "resolved": "https://registry.npmjs.org/@quenty/deferred/-/deferred-2.3.2.tgz",
      "integrity": "sha512-/8C9cJtnsRa+hvmW5Q94JdZtUz+OUg1+oGq2/3PHTWCoVtmwLTxR+5AHpYzQKaitEIxAIQaZqhuhp5mOTMteTw==",
      "hasInstallScript": true,
      "license": "MIT",
      "funding": {
        "type": "patreon",
        "url": "https://www.patreon.com/quenty"
      }
    },
    "node_modules/@quenty/ducktype": {
      "version": "5.11.2",
      "resolved": "https://registry.npmjs.org/@quenty/ducktype/-/ducktype-5.11.2.tgz",
      "integrity": "sha512-eyajZlKvG7HH6xT+SfCgYeq+BDVTP/Iae2fj5UoO6Q2rFc5CShLh2E97roSLTCsxZI9Ucdp8Gcfzcr86k9WBKg==",
      "hasInstallScript": true,
      "license": "MIT",
      "dependencies": {
        "@quenty/loader": "10.11.2"
      },
      "funding": {
        "type": "patreon",
        "url": "https://www.patreon.com/quenty"
      }
    },
    "node_modules/@quenty/instanceutils": {
      "version": "13.37.1",
      "resolved": "https://registry.npmjs.org/@quenty/instanceutils/-/instanceutils-13.37.1.tgz",
      "integrity": "sha512-TQ8VFxNxDpo0EKQcywspxMv1xTQaQWOACQhBCI9sFOxQvQeELl0XQmr89JSVFmBNDLqbWIepfLNFQWwT7aXBMA==",
      "hasInstallScript": true,
      "license": "MIT",
      "dependencies": {
        "@quenty/brio": "14.37.1",
        "@quenty/loader": "10.11.2",
        "@quenty/maid": "3.12.1",
        "@quenty/nevermore-test-runner": "1.6.1",
        "@quenty/rx": "13.34.1",
        "@quenty/symbol": "3.5.2",
        "@quentystudios/jest-lua": "3.10.0-quenty.2"
      },
      "funding": {
        "type": "patreon",
        "url": "https://www.patreon.com/quenty"
      }
    },
    "node_modules/@quenty/jestutils": {
      "version": "1.1.1",
      "resolved": "https://registry.npmjs.org/@quenty/jestutils/-/jestutils-1.1.1.tgz",
      "integrity": "sha512-1fwmxiVoy9+fyliKis3gPMZIvCXds1zHnWXs+GNnbIumZockh3mZamIMPPY2nWLz2HI5WvHxIDp5aBIE4B8xeA==",
      "hasInstallScript": true,
      "license": "MIT",
      "dependencies": {
        "@quenty/loader": "10.11.2",
        "@quenty/maid": "3.12.1",
        "@quenty/nevermore-test-runner": "1.6.1",
        "@quentystudios/jest-lua": "3.10.0-quenty.2"
      },
      "funding": {
        "type": "patreon",
        "url": "https://www.patreon.com/quenty"
      }
    },
    "node_modules/@quenty/linkutils": {
      "version": "13.38.1",
      "resolved": "https://registry.npmjs.org/@quenty/linkutils/-/linkutils-13.38.1.tgz",
      "integrity": "sha512-o35hxKeuaTJ951luFRc4QPF66T5G50kvQU8Rafl+/M7fScwe1CmALr4iamdMu/bwKIArQAUHX8K+mVd8X1jV6w==",
      "hasInstallScript": true,
      "license": "MIT",
      "dependencies": {
        "@quenty/brio": "14.37.1",
        "@quenty/instanceutils": "13.37.1",
        "@quenty/loader": "10.11.2",
        "@quenty/maid": "3.12.1",
        "@quenty/promise": "10.24.1",
        "@quenty/rx": "13.34.1"
      },
      "funding": {
        "type": "patreon",
        "url": "https://www.patreon.com/quenty"
      }
    },
    "node_modules/@quenty/loader": {
      "version": "10.11.2",
      "resolved": "https://registry.npmjs.org/@quenty/loader/-/loader-10.11.2.tgz",
      "integrity": "sha512-e5OkHAA2sjzcM1zKtvCNILrtY0IgbPu409+2UNublqcEDHl8uabWyeJlKdoo8I+u/V3msEgGbmxmeaKzvAffLg==",
      "hasInstallScript": true,
      "license": "MIT",
      "funding": {
        "type": "patreon",
        "url": "https://www.patreon.com/quenty"
      }
    },
    "node_modules/@quenty/maid": {
      "version": "3.12.1",
      "resolved": "https://registry.npmjs.org/@quenty/maid/-/maid-3.12.1.tgz",
      "integrity": "sha512-psVckt6Qk+7NKMCLer7ZwnCaN34GYa81UrAIJnQ1DAwovK3y8DlIh1Gmzn5RSPaYWsLO6DVWM604kGc1pewHfw==",
      "hasInstallScript": true,
      "license": "MIT",
      "dependencies": {
        "@quenty/loader": "10.11.2",
        "@quenty/nevermore-test-runner": "1.6.1",
        "@quentystudios/jest-lua": "3.10.0-quenty.2"
      },
      "funding": {
        "type": "patreon",
        "url": "https://www.patreon.com/quenty"
      }
    },
    "node_modules/@quenty/math": {
      "version": "2.7.5",
      "resolved": "https://registry.npmjs.org/@quenty/math/-/math-2.7.5.tgz",
      "integrity": "sha512-tYOvmTwijqm1og6QdO+j9EDKSk0/0TCae83H1yUElYWuzV1PAG1Q18VT0Yk0q/05Uduulb2s3Dx6QmyI/qKSgA==",
      "hasInstallScript": true,
      "license": "MIT",
      "funding": {
        "type": "patreon",
        "url": "https://www.patreon.com/quenty"
      }
    },
    "node_modules/@quenty/nevermore-test-runner": {
      "version": "1.6.1",
      "resolved": "https://registry.npmjs.org/@quenty/nevermore-test-runner/-/nevermore-test-runner-1.6.1.tgz",
      "integrity": "sha512-WcW5ObcNruoroqJZDc+qZlffVZvHnzIM1OH+qUXyWr34a4qoTJP1mNqKP/XgbwN45BVipctAlM+M9f3Tsk4W5w==",
      "hasInstallScript": true,
      "license": "MIT",
      "dependencies": {
        "@quenty/loader": "10.11.2",
        "@quentystudios/jest-lua": "3.10.0-quenty.2"
      },
      "funding": {
        "type": "patreon",
        "url": "https://www.patreon.com/quenty"
      }
    },
    "node_modules/@quenty/promise": {
      "version": "10.24.1",
      "resolved": "https://registry.npmjs.org/@quenty/promise/-/promise-10.24.1.tgz",
      "integrity": "sha512-tmeLj3BRl1/844BGIBL7UTQlZeffTmKYpZLbeUbMpMhez+VpPGlfAzPZOP7Dqc06mpdmeMd4H5kThWmZa1UYxA==",
      "hasInstallScript": true,
      "license": "MIT",
      "dependencies": {
        "@quenty/deferred": "2.3.2",
        "@quenty/loader": "10.11.2",
        "@quenty/maid": "3.12.1",
        "@quenty/math": "2.7.5",
        "@quenty/nevermore-test-runner": "1.6.1",
        "@quenty/signal": "7.13.3",
        "@quentystudios/jest-lua": "3.10.0-quenty.2"
      },
      "funding": {
        "type": "patreon",
        "url": "https://www.patreon.com/quenty"
      }
    },
    "node_modules/@quenty/rx": {
      "version": "13.34.1",
      "resolved": "https://registry.npmjs.org/@quenty/rx/-/rx-13.34.1.tgz",
      "integrity": "sha512-YpYjqp7bhzKd92H5on9vVG6x37NRYtqIg+tjavPHBW6qKg3MLeWFLVbs/TSwPKFzhEzGkrI0yEzs/jjk0yKHUg==",
      "hasInstallScript": true,
      "license": "MIT",
      "dependencies": {
        "@quenty/cancellabledelay": "3.6.2",
        "@quenty/canceltoken": "11.25.1",
        "@quenty/ducktype": "5.11.2",
        "@quenty/loader": "10.11.2",
        "@quenty/maid": "3.12.1",
        "@quenty/nevermore-test-runner": "1.6.1",
        "@quenty/promise": "10.24.1",
        "@quenty/signal": "7.13.3",
        "@quenty/symbol": "3.5.2",
        "@quenty/table": "3.9.2",
        "@quenty/throttle": "10.15.1",
        "@quenty/typeutils": "1.3.2",
        "@quentystudios/jest-lua": "3.10.0-quenty.2"
      },
      "funding": {
        "type": "patreon",
        "url": "https://www.patreon.com/quenty"
      }
    },
    "node_modules/@quenty/servicebag": {
      "version": "11.21.1",
      "resolved": "https://registry.npmjs.org/@quenty/servicebag/-/servicebag-11.21.1.tgz",
      "integrity": "sha512-vZlCKkcl+NMFgIK32M/oiNPtLrVKJ9uiSNmy9fVJY3iSOs+tsc/PSgeYSERmPeu3AozOPUFmis6LUhs2w01PkA==",
      "hasInstallScript": true,
      "license": "MIT",
      "dependencies": {
        "@quenty/baseobject": "10.16.1",
        "@quenty/loader": "10.11.2",
        "@quenty/nevermore-test-runner": "1.6.1",
        "@quenty/signal": "7.13.3",
        "@quentystudios/jest-lua": "3.10.0-quenty.2"
      },
      "funding": {
        "type": "patreon",
        "url": "https://www.patreon.com/quenty"
      }
    },
    "node_modules/@quenty/signal": {
      "version": "7.13.3",
      "resolved": "https://registry.npmjs.org/@quenty/signal/-/signal-7.13.3.tgz",
      "integrity": "sha512-l2c/kjSzM3LUzPeZ7CybQxPDvHlNEXmSDrSEAFGLe2Ypkfi5Xnp3Qs8eDbJIUR+XXog/KSn0Esz1uAv7YZaMOw==",
      "hasInstallScript": true,
      "license": "MIT",
      "dependencies": {
        "@quenty/loader": "10.11.2"
      },
      "funding": {
        "type": "patreon",
        "url": "https://www.patreon.com/quenty"
      }
    },
    "node_modules/@quenty/steputils": {
      "version": "3.9.1",
      "resolved": "https://registry.npmjs.org/@quenty/steputils/-/steputils-3.9.1.tgz",
      "integrity": "sha512-YS5hSFShU7LMZDTKn+SNqzSHl5OzBbIRbLDyVUngcU31g9QURwAKPFhSH5GcfL6tlz1Pzs43QAEt1t6deiJz6A==",
      "hasInstallScript": true,
      "license": "MIT",
      "dependencies": {
        "@quenty/jestutils": "1.1.1",
        "@quenty/loader": "10.11.2",
        "@quenty/maid": "3.12.1",
        "@quenty/nevermore-test-runner": "1.6.1",
        "@quentystudios/jest-lua": "3.10.0-quenty.2"
      },
      "funding": {
        "type": "patreon",
        "url": "https://www.patreon.com/quenty"
      }
    },
    "node_modules/@quenty/symbol": {
      "version": "3.5.2",
      "resolved": "https://registry.npmjs.org/@quenty/symbol/-/symbol-3.5.2.tgz",
      "integrity": "sha512-Opt3Pvdie3LDScZms7eTe+5rFUIRP4S1I7RFtiuyCF4XoDwJ2kjWO9bUNMX+zjumhaJ/96ZI5Y4D8mowyObs5Q==",
      "hasInstallScript": true,
      "license": "MIT",
      "funding": {
        "type": "patreon",
        "url": "https://www.patreon.com/quenty"
      }
    },
    "node_modules/@quenty/table": {
      "version": "3.9.2",
      "resolved": "https://registry.npmjs.org/@quenty/table/-/table-3.9.2.tgz",
      "integrity": "sha512-uU0XEiWk2CHtdhcBnM2F7sU7jljD/D0crntozfPLfyl4BOHT3oWNr0HF7IfrKVxVo3WnDj3KBXV6iMmYY6q9vQ==",
      "hasInstallScript": true,
      "license": "MIT",
      "funding": {
        "type": "patreon",
        "url": "https://www.patreon.com/quenty"
      }
    },
    "node_modules/@quenty/throttle": {
      "version": "10.15.1",
      "resolved": "https://registry.npmjs.org/@quenty/throttle/-/throttle-10.15.1.tgz",
      "integrity": "sha512-fUb0F0MKzECi6EhrhOglaAZgGqKqHMEy+8z/GUmdNDdemFfM8vK3IjxqL8jXeDRCGnw9hC/VqOh6R1CNoozRxQ==",
      "hasInstallScript": true,
      "license": "MIT",
      "dependencies": {
        "@quenty/loader": "10.11.2",
        "@quenty/nevermore-test-runner": "1.6.1",
        "@quenty/typeutils": "1.3.2",
        "@quentystudios/jest-lua": "3.10.0-quenty.2"
      },
      "funding": {
        "type": "patreon",
        "url": "https://www.patreon.com/quenty"
      }
    },
    "node_modules/@quenty/typeutils": {
      "version": "1.3.2",
      "resolved": "https://registry.npmjs.org/@quenty/typeutils/-/typeutils-1.3.2.tgz",
      "integrity": "sha512-oOx3H+0lE8XjNZoOvnraeUz0KuEsmpd9XLnojogF3rJdrHHLAlGrrR5WlZY9dL6hNQcukCYljpJZKq5OV4W3cA==",
      "hasInstallScript": true,
      "license": "MIT",
      "dependencies": {
        "@quenty/loader": "10.11.2"
      },
      "funding": {
        "type": "patreon",
        "url": "https://www.patreon.com/quenty"
      }
    },
    "node_modules/@quentystudios/jest-lua": {
      "version": "3.10.0-quenty.2",
      "resolved": "https://registry.npmjs.org/@quentystudios/jest-lua/-/jest-lua-3.10.0-quenty.2.tgz",
      "integrity": "sha512-TE7vhnYjygcBjjqeKLsmbwxhJeiDeekh/E2xcvQ0VZAwHNr+Yn1pk1n/PRJu+KtH2fWYkw20pQO4o/hKPs0lRA==",
      "license": "ISC"
    }
  }
}
